
Microsoft Visual Studio Solution File, Format Version 12.00
# Visual Studio Version 17
VisualStudioVersion = 17.7.34003.232
MinimumVisualStudioVersion = 10.0.40219.1
Project("{FAE04EC0-301F-11D3-BF4B-00C04F79EFBC}") = "CSE446Assignment6", "CSE446Assignment6\CSE446Assignment6.csproj", "{03F1FDDD-5530-491B-BE85-D92E93982414}"
	ProjectSection(ProjectDependencies) = postProject
		{A4A60D96-FA69-489E-952A-77B6625BE86C} = {A4A60D96-FA69-489E-952A-77B6625BE86C}
	EndProjectSection
EndProject
Project("{FAE04EC0-301F-11D3-BF4B-00C04F79EFBC}") = "Assn6MapReduceComb", "Assn6MapReduceComb\Assn6MapReduceComb.csproj", "{A4A60D96-FA69-489E-952A-77B6625BE86C}"
EndProject
Global
	GlobalSection(SolutionConfigurationPlatforms) = preSolution
		Debug|Any CPU = Debug|Any CPU
		Release|Any CPU = Release|Any CPU
	EndGlobalSection
	GlobalSection(ProjectConfigurationPlatforms) = postSolution
		{03F1FDDD-5530-491B-BE85-D92E93982414}.Debug|Any CPU.ActiveCfg = Debug|Any CPU
		{03F1FDDD-5530-491B-BE85-D92E93982414}.Debug|Any CPU.Build.0 = Debug|Any CPU
		{03F1FDDD-5530-491B-BE85-D92E93982414}.Release|Any CPU.ActiveCfg = Release|Any CPU
		{03F1FDDD-5530-491B-BE85-D92E93982414}.Release|Any CPU.Build.0 = Release|Any CPU
		{A4A60D96-FA69-489E-952A-77B6625BE86C}.Debug|Any CPU.ActiveCfg = Debug|Any CPU
		{A4A60D96-FA69-489E-952A-77B6625BE86C}.Debug|Any CPU.Build.0 = Debug|Any CPU
		{A4A60D96-FA69-489E-952A-77B6625BE86C}.Release|Any CPU.ActiveCfg = Release|Any CPU
		{A4A60D96-FA69-489E-952A-77B6625BE86C}.Release|Any CPU.Build.0 = Release|Any CPU
	EndGlobalSection
	GlobalSection(SolutionProperties) = preSolution
		HideSolutionNode = FALSE
	EndGlobalSection
	GlobalSection(ExtensibilityGlobals) = postSolution
		SolutionGuid = {2DC9ECDB-E5AB-4884-AAC8-9691DEE653A0}
	EndGlobalSection
EndGlobal
